
Microsoft Visual Studio Solution File, Format Version 12.00
# Visual Studio Version 16
VisualStudioVersion = 16.0.29613.14
MinimumVisualStudioVersion = 10.0.40219.1
Project("{FAE04EC0-301F-11D3-BF4B-00C04F79EFBC}") = "MergeSort", "MergeSort\MergeSort.csproj", "{BB260D31-8625-4833-8C93-BCAEA2B5A365}"
EndProject
Global
	GlobalSection(SolutionConfigurationPlatforms) = preSolution
		Debug|Any CPU = Debug|Any CPU
		Release|Any CPU = Release|Any CPU
	EndGlobalSection
	GlobalSection(ProjectConfigurationPlatforms) = postSolution
		{BB260D31-8625-4833-8C93-BCAEA2B5A365}.Debug|Any CPU.ActiveCfg = Debug|Any CPU
		{BB260D31-8625-4833-8C93-BCAEA2B5A365}.Debug|Any CPU.Build.0 = Debug|Any CPU
		{BB260D31-8625-4833-8C93-BCAEA2B5A365}.Release|Any CPU.ActiveCfg = Release|Any CPU
		{BB260D31-8625-4833-8C93-BCAEA2B5A365}.Release|Any CPU.Build.0 = Release|Any CPU
	EndGlobalSection
	GlobalSection(SolutionProperties) = preSolution
		HideSolutionNode = FALSE
	EndGlobalSection
	GlobalSection(ExtensibilityGlobals) = postSolution
		SolutionGuid = {BD35CF53-599B-42E9-A5CD-D9ECAB3ECA14}
	EndGlobalSection
EndGlobal
